// !$*UTF8*$!
{
	archiveVersion = 1;
	classes = {
	};
	objectVersion = 46;
	objects = {

/* Begin PBXBuildFile section */
		2320710A1F6B5F3D000E5E73 /* AppDelegate.swift in Sources */ = {isa = PBXBuildFile; fileRef = 232071091F6B5F3D000E5E73 /* AppDelegate.swift */; };
		2320710C1F6B5F3D000E5E73 /* ViewController.swift in Sources */ = {isa = PBXBuildFile; fileRef = 2320710B1F6B5F3D000E5E73 /* ViewController.swift */; };
		2320710F1F6B5F3D000E5E73 /* Main.storyboard in Resources */ = {isa = PBXBuildFile; fileRef = 2320710D1F6B5F3D000E5E73 /* Main.storyboard */; };
		232071111F6B5F3D000E5E73 /* Assets.xcassets in Resources */ = {isa = PBXBuildFile; fileRef = 232071101F6B5F3D000E5E73 /* Assets.xcassets */; };
		232071141F6B5F3D000E5E73 /* LaunchScreen.storyboard in Resources */ = {isa = PBXBuildFile; fileRef = 232071121F6B5F3D000E5E73 /* LaunchScreen.storyboard */; };
		232071201F6B7260000E5E73 /* Counter.swift in Sources */ = {isa = PBXBuildFile; fileRef = 2320711F1F6B7260000E5E73 /* Counter.swift */; };
/* End PBXBuildFile section */

/* Begin PBXFileReference section */
		232071061F6B5F3D000E5E73 /* ClickCountStoryboard.app */ = {isa = PBXFileReference; explicitFileType = wrapper.application; includeInIndex = 0; path = ClickCountStoryboard.app; sourceTree = BUILT_PRODUCTS_DIR; };
		232071091F6B5F3D000E5E73 /* AppDelegate.swift */ = {isa = PBXFileReference; lastKnownFileType = sourcecode.swift; path = AppDelegate.swift; sourceTree = "<group>"; };
		2320710B1F6B5F3D000E5E73 /* ViewController.swift */ = {isa = PBXFileReference; lastKnownFileType = sourcecode.swift; path = ViewController.swift; sourceTree = "<group>"; };
		2320710E1F6B5F3D000E5E73 /* Base */ = {isa = PBXFileReference; lastKnownFileType = file.storyboard; name = Base; path = Base.lproj/Main.storyboard; sourceTree = "<group>"; };
		232071101F6B5F3D000E5E73 /* Assets.xcassets */ = {isa = PBXFileReference; lastKnownFileType = folder.assetcatalog; path = Assets.xcassets; sourceTree = "<group>"; };
		232071131F6B5F3D000E5E73 /* Base */ = {isa = PBXFileReference; lastKnownFileType = file.storyboard; name = Base; path = Base.lproj/LaunchScreen.storyboard; sourceTree = "<group>"; };
		232071151F6B5F3D000E5E73 /* Info.plist */ = {isa = PBXFileReference; lastKnownFileType = text.plist.xml; path = Info.plist; sourceTree = "<group>"; };
		2320711F1F6B7260000E5E73 /* Counter.swift */ = {isa = PBXFileReference; fileEncoding = 4; lastKnownFileType = sourcecode.swift; path = Counter.swift; sourceTree = "<group>"; };
/* End PBXFileReference section */

/* Begin PBXFrameworksBuildPhase section */
		232071031F6B5F3D000E5E73 /* Frameworks */ = {
			isa = PBXFrameworksBuildPhase;
			buildActionMask = 2147483647;
			files = (
			);
			runOnlyForDeploymentPostprocessing = 0;
		};
/* End PBXFrameworksBuildPhase section */

/* Begin PBXGroup section */
		232070FD1F6B5F3D000E5E73 = {
			isa = PBXGroup;
			children = (
				232071081F6B5F3D000E5E73 /* ClickCountStoryboard */,
				232071071F6B5F3D000E5E73 /* Products */,
			);
			sourceTree = "<group>";
		};
		232071071F6B5F3D000E5E73 /* Products */ = {
			isa = PBXGroup;
			children = (
				232071061F6B5F3D000E5E73 /* ClickCountStoryboard.app */,
			);
			name = Products;
			sourceTree = "<group>";
		};
		232071081F6B5F3D000E5E73 /* ClickCountStoryboard */ = {
			isa = PBXGroup;
			children = (
				2320711F1F6B7260000E5E73 /* Counter.swift */,
				2320710B1F6B5F3D000E5E73 /* ViewController.swift */,
				232071091F6B5F3D000E5E73 /* AppDelegate.swift */,
				2320710D1F6B5F3D000E5E73 /* Main.storyboard */,
				232071101F6B5F3D000E5E73 /* Assets.xcassets */,
				232071121F6B5F3D000E5E73 /* LaunchScreen.storyboard */,
				232071151F6B5F3D000E5E73 /* Info.plist */,
			);
			path = ClickCountStoryboard;
			sourceTree = "<group>";
		};
/* End PBXGroup section */

/* Begin PBXNativeTarget section */
		232071051F6B5F3D000E5E73 /* ClickCountStoryboard */ = {
			isa = PBXNativeTarget;
			buildConfigurationList = 232071181F6B5F3D000E5E73 /* Build configuration list for PBXNativeTarget "ClickCountStoryboard" */;
			buildPhases = (
				232071021F6B5F3D000E5E73 /* Sources */,
				232071031F6B5F3D000E5E73 /* Frameworks */,
				232071041F6B5F3D000E5E73 /* Resources */,
			);
			buildRules = (
			);
			dependencies = (
			);
			name = ClickCountStoryboard;
			productName = ClickCountStoryboard;
			productReference = 232071061F6B5F3D000E5E73 /* ClickCountStoryboard.app */;
			productType = "com.apple.product-type.application";
		};
/* End PBXNativeTarget section */

/* Begin PBXProject section */
		232070FE1F6B5F3D000E5E73 /* Project object */ = {
			isa = PBXProject;
			attributes = {
				LastSwiftUpdateCheck = 0830;
				LastUpgradeCheck = 0830;
				ORGANIZATIONNAME = "Yolanda Alonso";
				TargetAttributes = {
					232071051F6B5F3D000E5E73 = {
						CreatedOnToolsVersion = 8.3.3;
						ProvisioningStyle = Automatic;
					};
				};
			};
			buildConfigurationList = 232071011F6B5F3D000E5E73 /* Build configuration list for PBXProject "ClickCountStoryboard" */;
			compatibilityVersion = "Xcode 3.2";
			developmentRegion = English;
			hasScannedForEncodings = 0;
			knownRegions = (
				en,
				Base,
			);
			mainGroup = 232070FD1F6B5F3D000E5E73;
			productRefGroup = 232071071F6B5F3D000E5E73 /* Products */;
			projectDirPath = "";
			projectRoot = "";
			targets = (
				232071051F6B5F3D000E5E73 /* ClickCountStoryboard */,
			);
		};
/* End PBXProject section */

/* Begin PBXResourcesBuildPhase section */
		232071041F6B5F3D000E5E73 /* Resources */ = {
			isa = PBXResourcesBuildPhase;
			buildActionMask = 2147483647;
			files = (
				232071141F6B5F3D000E5E73 /* LaunchScreen.storyboard in Resources */,
				232071111F6B5F3D000E5E73 /* Assets.xcassets in Resources */,
				2320710F1F6B5F3D000E5E73 /* Main.storyboard in Resources */,
			);
			runOnlyForDeploymentPostprocessing = 0;
		};
/* End PBXResourcesBuildPhase section */

/* Begin PBXSourcesBuildPhase section */
		232071021F6B5F3D000E5E73 /* Sources */ = {
			isa = PBXSourcesBuildPhase;
			buildActionMask = 2147483647;
			files = (
				2320710C1F6B5F3D000E5E73 /* ViewController.swift in Sources */,
				2320710A1F6B5F3D000E5E73 /* AppDelegate.swift in Sources */,
				232071201F6B7260000E5E73 /* Counter.swift in Sources */,
			);
			runOnlyForDeploymentPostprocessing = 0;
		};
/* End PBXSourcesBuildPhase section */

/* Begin PBXVariantGroup section */
		2320710D1F6B5F3D000E5E73 /* Main.storyboard */ = {
			isa = PBXVariantGroup;
			children = (
				2320710E1F6B5F3D000E5E73 /* Base */,
			);
			name = Main.storyboard;
			sourceTree = "<group>";
		};
		232071121F6B5F3D000E5E73 /* LaunchScreen.storyboard */ = {
			isa = PBXVariantGroup;
			children = (
				232071131F6B5F3D000E5E73 /* Base */,
			);
			name = LaunchScreen.storyboard;
			sourceTree = "<group>";
		};
/* End PBXVariantGroup section */

/* Begin XCBuildConfiguration section */
		232071161F6B5F3D000E5E73 /* Debug */ = {
			isa = XCBuildConfiguration;
			buildSettings = {
				ALWAYS_SEARCH_USER_PATHS = NO;
				CLANG_ANALYZER_NONNULL = YES;
				CLANG_ANALYZER_NUMBER_OBJECT_CONVERSION = YES_AGGRESSIVE;
				CLANG_CXX_LANGUAGE_STANDARD = "gnu++0x";
				CLANG_CXX_LIBRARY = "libc++";
				CLANG_ENABLE_MODULES = YES;
				CLANG_ENABLE_OBJC_ARC = YES;
				CLANG_WARN_BOOL_CONVERSION = YES;
				CLANG_WARN_CONSTANT_CONVERSION = YES;
				CLANG_WARN_DIRECT_OBJC_ISA_USAGE = YES_ERROR;
				CLANG_WARN_DOCUMENTATION_COMMENTS = YES;
				CLANG_WARN_EMPTY_BODY = YES;
				CLANG_WARN_ENUM_CONVERSION = YES;
				CLANG_WARN_INFINITE_RECURSION = YES;
				CLANG_WARN_INT_CONVERSION = YES;
				CLANG_WARN_OBJC_ROOT_CLASS = YES_ERROR;
				CLANG_WARN_SUSPICIOUS_MOVE = YES;
				CLANG_WARN_UNREACHABLE_CODE = YES;
				CLANG_WARN__DUPLICATE_METHOD_MATCH = YES;
				"CODE_SIGN_IDENTITY[sdk=iphoneos*]" = "iPhone Developer";
				COPY_PHASE_STRIP = NO;
				DEBUG_INFORMATION_FORMAT = dwarf;
				ENABLE_STRICT_OBJC_MSGSEND = YES;
				ENABLE_TESTABILITY = YES;
				GCC_C_LANGUAGE_STANDARD = gnu99;
				GCC_DYNAMIC_NO_PIC = NO;
				GCC_NO_COMMON_BLOCKS = YES;
				GCC_OPTIMIZATION_LEVEL = 0;
				GCC_PREPROCESSOR_DEFINITIONS = (
					"DEBUG=1",
					"$(inherited)",
				);
				GCC_WARN_64_TO_32_BIT_CONVERSION = YES;
				GCC_WARN_ABOUT_RETURN_TYPE = YES_ERROR;
				GCC_WARN_UNDECLARED_SELECTOR = YES;
				GCC_WARN_UNINITIALIZED_AUTOS = YES_AGGRESSIVE;
				GCC_WARN_UNUSED_FUNCTION = YES;
				GCC_WARN_UNUSED_VARIABLE = YES;
				IPHONEOS_DEPLOYMENT_TARGET = 10.3;
				MTL_ENABLE_DEBUG_INFO = YES;
				ONLY_ACTIVE_ARCH = YES;
				SDKROOT = iphoneos;
				SWIFT_ACTIVE_COMPILATION_CONDITIONS = DEBUG;
				SWIFT_OPTIMIZATION_LEVEL = "-Onone";
			};
			name = Debug;
		};
		232071171F6B5F3D000E5E73 /* Release */ = {
			isa = XCBuildConfiguration;
			buildSettings = {
				ALWAYS_SEARCH_USER_PATHS = NO;
				CLANG_ANALYZER_NONNULL = YES;
				CLANG_ANALYZER_NUMBER_OBJECT_CONVERSION = YES_AGGRESSIVE;
				CLANG_CXX_LANGUAGE_STANDARD = "gnu++0x";
				CLANG_CXX_LIBRARY = "libc++";
				CLANG_ENABLE_MODULES = YES;
				CLANG_ENABLE_OBJC_ARC = YES;
				CLANG_WARN_BOOL_CONVERSION = YES;
				CLANG_WARN_CONSTANT_CONVERSION = YES;
				CLANG_WARN_DIRECT_OBJC_ISA_USAGE = YES_ERROR;
				CLANG_WARN_DOCUMENTATION_COMMENTS = YES;
				CLANG_WARN_EMPTY_BODY = YES;
				CLANG_WARN_ENUM_CONVERSION = YES;
				CLANG_WARN_INFINITE_RECURSION = YES;
				CLANG_WARN_INT_CONVERSION = YES;
				CLANG_WARN_OBJC_ROOT_CLASS = YES_ERROR;
				CLANG_WARN_SUSPICIOUS_MOVE = YES;
				CLANG_WARN_UNREACHABLE_CODE = YES;
				CLANG_WARN__DUPLICATE_METHOD_MATCH = YES;
				"CODE_SIGN_IDENTITY[sdk=iphoneos*]" = "iPhone Developer";
				COPY_PHASE_STRIP = NO;
				DEBUG_INFORMATION_FORMAT = "dwarf-with-dsym";
				ENABLE_NS_ASSERTIONS = NO;
				ENABLE_STRICT_OBJC_MSGSEND = YES;
				GCC_C_LANGUAGE_STANDARD = gnu99;
				GCC_NO_COMMON_BLOCKS = YES;
				GCC_WARN_64_TO_32_BIT_CONVERSION = YES;
				GCC_WARN_ABOUT_RETURN_TYPE = YES_ERROR;
				GCC_WARN_UNDECLARED_SELECTOR = YES;
				GCC_WARN_UNINITIALIZED_AUTOS = YES_AGGRESSIVE;
				GCC_WARN_UNUSED_FUNCTION = YES;
				GCC_WARN_UNUSED_VARIABLE = YES;
				IPHONEOS_DEPLOYMENT_TARGET = 10.3;
				MTL_ENABLE_DEBUG_INFO = NO;
				SDKROOT = iphoneos;
				SWIFT_OPTIMIZATION_LEVEL = "-Owholemodule";
				VALIDATE_PRODUCT = YES;
			};
			name = Release;
		};
		232071191F6B5F3D000E5E73 /* Debug */ = {
			isa = XCBuildConfiguration;
			buildSettings = {
				ASSETCATALOG_COMPILER_APPICON_NAME = AppIcon;
				INFOPLIST_FILE = ClickCountStoryboard/Info.plist;
				LD_RUNPATH_SEARCH_PATHS = "$(inherited) @executable_path/Frameworks";
				PRODUCT_BUNDLE_IDENTIFIER = yalonsob.ClickCountStoryboard;
				PRODUCT_NAME = "$(TARGET_NAME)";
				SWIFT_VERSION = 3.0;
			};
			name = Debug;
		};
		2320711A1F6B5F3D000E5E73 /* Release */ = {
			isa = XCBuildConfiguration;
			buildSettings = {
				ASSETCATALOG_COMPILER_APPICON_NAME = AppIcon;
				INFOPLIST_FILE = ClickCountStoryboard/Info.plist;
				LD_RUNPATH_SEARCH_PATHS = "$(inherited) @executable_path/Frameworks";
				PRODUCT_BUNDLE_IDENTIFIER = yalonsob.ClickCountStoryboard;
				PRODUCT_NAME = "$(TARGET_NAME)";
				SWIFT_VERSION = 3.0;
			};
			name = Release;
		};
/* End XCBuildConfiguration section */

/* Begin XCConfigurationList section */
		232071011F6B5F3D000E5E73 /* Build configuration list for PBXProject "ClickCountStoryboard" */ = {
			isa = XCConfigurationList;
			buildConfigurations = (
				232071161F6B5F3D000E5E73 /* Debug */,
				232071171F6B5F3D000E5E73 /* Release */,
			);
			defaultConfigurationIsVisible = 0;
			defaultConfigurationName = Release;
		};
		232071181F6B5F3D000E5E73 /* Build configuration list for PBXNativeTarget "ClickCountStoryboard" */ = {
			isa = XCConfigurationList;
			buildConfigurations = (
				232071191F6B5F3D000E5E73 /* Debug */,
				2320711A1F6B5F3D000E5E73 /* Release */,
			);
			defaultConfigurationIsVisible = 0;
		};
/* End XCConfigurationList section */
	};
	rootObject = 232070FE1F6B5F3D000E5E73 /* Project object */;
}
